
Microsoft Visual Studio Solution File, Format Version 12.00
# Visual Studio Version 16
VisualStudioVersion = 16.0.31005.135
MinimumVisualStudioVersion = 10.0.40219.1
Project("{FAE04EC0-301F-11D3-BF4B-00C04F79EFBC}") = "Razor_Identity", "Razor_Identity\Razor_Identity.csproj", "{09C39459-BFAC-45FA-9EDB-F22DF38E7021}"
EndProject
Global
	GlobalSection(SolutionConfigurationPlatforms) = preSolution
		Debug|Any CPU = Debug|Any CPU
		Release|Any CPU = Release|Any CPU
	EndGlobalSection
	GlobalSection(ProjectConfigurationPlatforms) = postSolution
		{09C39459-BFAC-45FA-9EDB-F22DF38E7021}.Debug|Any CPU.ActiveCfg = Debug|Any CPU
		{09C39459-BFAC-45FA-9EDB-F22DF38E7021}.Debug|Any CPU.Build.0 = Debug|Any CPU
		{09C39459-BFAC-45FA-9EDB-F22DF38E7021}.Release|Any CPU.ActiveCfg = Release|Any CPU
		{09C39459-BFAC-45FA-9EDB-F22DF38E7021}.Release|Any CPU.Build.0 = Release|Any CPU
	EndGlobalSection
	GlobalSection(SolutionProperties) = preSolution
		HideSolutionNode = FALSE
	EndGlobalSection
	GlobalSection(ExtensibilityGlobals) = postSolution
		SolutionGuid = {9BA10C9C-C2FF-4357-80B7-B370ED024556}
	EndGlobalSection
EndGlobal
